
Microsoft Visual Studio Solution File, Format Version 12.00
# Visual Studio Version 16
VisualStudioVersion = 16.0.30225.117
MinimumVisualStudioVersion = 10.0.40219.1
Project("{FAE04EC0-301F-11D3-BF4B-00C04F79EFBC}") = "_Stash", "_Stash\_Stash.csproj", "{9382A433-0DE8-4A86-A749-501E2EA35500}"
EndProject
Project("{FAE04EC0-301F-11D3-BF4B-00C04F79EFBC}") = "_StashLib", "_StashLib\_StashLib.csproj", "{29FE33A3-A326-4864-8662-52CEA3C6C276}"
EndProject
Project("{FAE04EC0-301F-11D3-BF4B-00C04F79EFBC}") = "_StashFront", "_StashFront\_StashFront.csproj", "{9DEED989-546F-4204-BF6A-794B6C549E1C}"
EndProject
Global
	GlobalSection(SolutionConfigurationPlatforms) = preSolution
		Debug|Any CPU = Debug|Any CPU
		Release|Any CPU = Release|Any CPU
	EndGlobalSection
	GlobalSection(ProjectConfigurationPlatforms) = postSolution
		{9382A433-0DE8-4A86-A749-501E2EA35500}.Debug|Any CPU.ActiveCfg = Debug|Any CPU
		{9382A433-0DE8-4A86-A749-501E2EA35500}.Debug|Any CPU.Build.0 = Debug|Any CPU
		{9382A433-0DE8-4A86-A749-501E2EA35500}.Release|Any CPU.ActiveCfg = Release|Any CPU
		{9382A433-0DE8-4A86-A749-501E2EA35500}.Release|Any CPU.Build.0 = Release|Any CPU
		{29FE33A3-A326-4864-8662-52CEA3C6C276}.Debug|Any CPU.ActiveCfg = Debug|Any CPU
		{29FE33A3-A326-4864-8662-52CEA3C6C276}.Debug|Any CPU.Build.0 = Debug|Any CPU
		{29FE33A3-A326-4864-8662-52CEA3C6C276}.Release|Any CPU.ActiveCfg = Release|Any CPU
		{29FE33A3-A326-4864-8662-52CEA3C6C276}.Release|Any CPU.Build.0 = Release|Any CPU
		{9DEED989-546F-4204-BF6A-794B6C549E1C}.Debug|Any CPU.ActiveCfg = Debug|Any CPU
		{9DEED989-546F-4204-BF6A-794B6C549E1C}.Debug|Any CPU.Build.0 = Debug|Any CPU
		{9DEED989-546F-4204-BF6A-794B6C549E1C}.Release|Any CPU.ActiveCfg = Release|Any CPU
		{9DEED989-546F-4204-BF6A-794B6C549E1C}.Release|Any CPU.Build.0 = Release|Any CPU
	EndGlobalSection
	GlobalSection(SolutionProperties) = preSolution
		HideSolutionNode = FALSE
	EndGlobalSection
	GlobalSection(ExtensibilityGlobals) = postSolution
		SolutionGuid = {546C6D6C-3CC2-43B4-B825-494CB69A2BC4}
	EndGlobalSection
EndGlobal
